
Microsoft Visual Studio Solution File, Format Version 12.00
# Visual Studio Version 17
VisualStudioVersion = 17.7.34024.191
MinimumVisualStudioVersion = 10.0.40219.1
Project("{FAE04EC0-301F-11D3-BF4B-00C04F79EFBC}") = "ParserWithDBConnection", "ParserWithDBConnection.csproj", "{DB53A53C-F1BA-4545-B16B-F1C2E07B7135}"
EndProject
Global
	GlobalSection(SolutionConfigurationPlatforms) = preSolution
		Debug|Any CPU = Debug|Any CPU
		Release|Any CPU = Release|Any CPU
	EndGlobalSection
	GlobalSection(ProjectConfigurationPlatforms) = postSolution
		{DB53A53C-F1BA-4545-B16B-F1C2E07B7135}.Debug|Any CPU.ActiveCfg = Debug|Any CPU
		{DB53A53C-F1BA-4545-B16B-F1C2E07B7135}.Debug|Any CPU.Build.0 = Debug|Any CPU
		{DB53A53C-F1BA-4545-B16B-F1C2E07B7135}.Release|Any CPU.ActiveCfg = Release|Any CPU
		{DB53A53C-F1BA-4545-B16B-F1C2E07B7135}.Release|Any CPU.Build.0 = Release|Any CPU
	EndGlobalSection
	GlobalSection(SolutionProperties) = preSolution
		HideSolutionNode = FALSE
	EndGlobalSection
	GlobalSection(ExtensibilityGlobals) = postSolution
		SolutionGuid = {ECB3B367-4B3C-4229-BA35-E54FB1BA8214}
	EndGlobalSection
EndGlobal
